
Microsoft Visual Studio Solution File, Format Version 12.00
# Visual Studio Version 16
VisualStudioVersion = 16.0.29728.190
MinimumVisualStudioVersion = 10.0.40219.1
Project("{FAE04EC0-301F-11D3-BF4B-00C04F79EFBC}") = "CacheAPI", "CacheAPI\CacheAPI.csproj", "{AC9CAEE7-BF97-43D1-9D79-B98D9C47B1AB}"
EndProject
Global
	GlobalSection(SolutionConfigurationPlatforms) = preSolution
		Debug|Any CPU = Debug|Any CPU
		Release|Any CPU = Release|Any CPU
	EndGlobalSection
	GlobalSection(ProjectConfigurationPlatforms) = postSolution
		{AC9CAEE7-BF97-43D1-9D79-B98D9C47B1AB}.Debug|Any CPU.ActiveCfg = Debug|Any CPU
		{AC9CAEE7-BF97-43D1-9D79-B98D9C47B1AB}.Debug|Any CPU.Build.0 = Debug|Any CPU
		{AC9CAEE7-BF97-43D1-9D79-B98D9C47B1AB}.Release|Any CPU.ActiveCfg = Release|Any CPU
		{AC9CAEE7-BF97-43D1-9D79-B98D9C47B1AB}.Release|Any CPU.Build.0 = Release|Any CPU
	EndGlobalSection
	GlobalSection(SolutionProperties) = preSolution
		HideSolutionNode = FALSE
	EndGlobalSection
	GlobalSection(ExtensibilityGlobals) = postSolution
		SolutionGuid = {0E9B5BF5-D07F-45E7-AAB8-499D451A3841}
	EndGlobalSection
EndGlobal
